<?xml version="1.0" encoding="utf-8"?>
<Project ToolsVersion="4.0" xmlns="http://schemas.microsoft.com/developer/msbuild/2003">
  <ItemGroup>
    <Filter Include="Resource Files">
      <UniqueIdentifier>{67DA6AB6-F800-4c08-8B7A-83BB121AAD01}</UniqueIdentifier>
      <Extensions>rc;ico;cur;bmp;dlg;rc2;rct;bin;rgs;gif;jpg;jpeg;jpe;resx;tiff;tif;png;wav;mfcribbon-ms</Extensions>
    </Filter>
    <Filter Include="fluids">
      <UniqueIdentifier>{51e7c41a-94ee-4fce-9a80-a4d6b453cef1}</UniqueIdentifier>
    </Filter>
    <Filter Include="viz">
      <UniqueIdentifier>{dacf747a-b6a4-43f3-9cde-296d60551d13}</UniqueIdentifier>
    </Filter>
    <Filter Include="viz\Source Files">
      <UniqueIdentifier>{4FC737F1-C7A5-4376-A066-2A32D752A2FF}</UniqueIdentifier>
      <Extensions>cpp;c;cc;cxx;def;odl;idl;hpj;bat;asm;asmx</Extensions>
    </Filter>
    <Filter Include="viz\Header Files">
      <UniqueIdentifier>{93995380-89BD-4b04-88EB-625FBE52EBFB}</UniqueIdentifier>
      <Extensions>h;hh;hpp;hxx;hm;inl;inc;xsd</Extensions>
    </Filter>
  </ItemGroup>
  <ItemGroup>
    <ClCompile Include="..\..\fire-renderer.c">
      <Filter>viz\Source Files</Filter>
    </ClCompile>
    <ClCompile Include="..\..\main.c">
      <Filter>viz\Source Files</Filter>
    </ClCompile>
    <ClCompile Include="..\..\particle-renderer.c">
      <Filter>viz\Source Files</Filter>
    </ClCompile>
    <ClCompile Include="..\..\program.c">
      <Filter>viz\Source Files</Filter>
    </ClCompile>
    <ClCompile Include="..\..\quantity-renderer.c">
      <Filter>viz\Source Files</Filter>
    </ClCompile>
    <ClCompile Include="..\..\velocity-renderer.c">
      <Filter>viz\Source Files</Filter>
    </ClCompile>
    <ClCompile Include="..\..\..\..\src\fluids.c">
      <Filter>fluids</Filter>
    </ClCompile>
    <ClCompile Include="..\..\..\..\src\particles.c">
      <Filter>fluids</Filter>
    </ClCompile>
  </ItemGroup>
  <ItemGroup>
    <ClInclude Include="..\..\..\..\src\fluids.h">
      <Filter>fluids</Filter>
    </ClInclude>
    <ClInclude Include="..\..\..\..\src\particles.h">
      <Filter>fluids</Filter>
    </ClInclude>
    <ClInclude Include="..\..\fire-colormap.h">
      <Filter>viz\Header Files</Filter>
    </ClInclude>
    <ClInclude Include="..\..\fire-renderer.h">
      <Filter>viz\Header Files</Filter>
    </ClInclude>
    <ClInclude Include="..\..\particle-renderer.h">
      <Filter>viz\Header Files</Filter>
    </ClInclude>
    <ClInclude Include="..\..\program.h">
      <Filter>viz\Header Files</Filter>
    </ClInclude>
    <ClInclude Include="..\..\quantity-renderer.h">
      <Filter>viz\Header Files</Filter>
    </ClInclude>
    <ClInclude Include="..\..\velocity-renderer.h">
      <Filter>viz\Header Files</Filter>
    </ClInclude>
  </ItemGroup>
</Project>