// !$*UTF8*$!
{
	archiveVersion = 1;
	classes = {
	};
	objectVersion = 46;
	objects = {

/* Begin PBXBuildFile section */
		0A295D261B5FC7E4006B1389 /* fluids.c in Sources */ = {isa = PBXBuildFile; fileRef = 0A295D221B5FC7E4006B1389 /* fluids.c */; };
		0A295D271B5FC7E4006B1389 /* particles.c in Sources */ = {isa = PBXBuildFile; fileRef = 0A295D241B5FC7E4006B1389 /* particles.c */; };
		0A295D411B5FC8FB006B1389 /* OpenGL.framework in Frameworks */ = {isa = PBXBuildFile; fileRef = 0A295D401B5FC8FB006B1389 /* OpenGL.framework */; };
		CC935C231CFFE110005CC21E /* fire-renderer.c in Sources */ = {isa = PBXBuildFile; fileRef = CC935C181CFFE110005CC21E /* fire-renderer.c */; };
		CC935C241CFFE110005CC21E /* main.c in Sources */ = {isa = PBXBuildFile; fileRef = CC935C1A1CFFE110005CC21E /* main.c */; };
		CC935C251CFFE110005CC21E /* particle-renderer.c in Sources */ = {isa = PBXBuildFile; fileRef = CC935C1B1CFFE110005CC21E /* particle-renderer.c */; };
		CC935C261CFFE110005CC21E /* program.c in Sources */ = {isa = PBXBuildFile; fileRef = CC935C1D1CFFE110005CC21E /* program.c */; };
		CC935C271CFFE110005CC21E /* quantity-renderer.c in Sources */ = {isa = PBXBuildFile; fileRef = CC935C1F1CFFE110005CC21E /* quantity-renderer.c */; };
		CC935C281CFFE110005CC21E /* velocity-renderer.c in Sources */ = {isa = PBXBuildFile; fileRef = CC935C211CFFE110005CC21E /* velocity-renderer.c */; };
		CC935C2A1CFFE1FA005CC21E /* CoreGraphics.framework in Frameworks */ = {isa = PBXBuildFile; fileRef = CC935C291CFFE1FA005CC21E /* CoreGraphics.framework */; };
		CC935C2C1CFFE204005CC21E /* AppKit.framework in Frameworks */ = {isa = PBXBuildFile; fileRef = CC935C2B1CFFE204005CC21E /* AppKit.framework */; };
		CC935C2E1CFFE20A005CC21E /* CoreVideo.framework in Frameworks */ = {isa = PBXBuildFile; fileRef = CC935C2D1CFFE20A005CC21E /* CoreVideo.framework */; };
		CC935C301CFFE217005CC21E /* IOKit.framework in Frameworks */ = {isa = PBXBuildFile; fileRef = CC935C2F1CFFE217005CC21E /* IOKit.framework */; };
/* End PBXBuildFile section */

/* Begin PBXCopyFilesBuildPhase section */
		0A295D151B5FC7B9006B1389 /* CopyFiles */ = {
			isa = PBXCopyFilesBuildPhase;
			buildActionMask = 2147483647;
			dstPath = /usr/share/man/man1/;
			dstSubfolderSpec = 0;
			files = (
			);
			runOnlyForDeploymentPostprocessing = 1;
		};
/* End PBXCopyFilesBuildPhase section */

/* Begin PBXFileReference section */
		0A295D171B5FC7B9006B1389 /* demo */ = {isa = PBXFileReference; explicitFileType = "compiled.mach-o.executable"; includeInIndex = 0; path = demo; sourceTree = BUILT_PRODUCTS_DIR; };
		0A295D221B5FC7E4006B1389 /* fluids.c */ = {isa = PBXFileReference; fileEncoding = 4; lastKnownFileType = sourcecode.c.c; name = fluids.c; path = ../../src/fluids.c; sourceTree = "<group>"; };
		0A295D231B5FC7E4006B1389 /* fluids.h */ = {isa = PBXFileReference; fileEncoding = 4; lastKnownFileType = sourcecode.c.h; name = fluids.h; path = ../../src/fluids.h; sourceTree = "<group>"; };
		0A295D241B5FC7E4006B1389 /* particles.c */ = {isa = PBXFileReference; fileEncoding = 4; lastKnownFileType = sourcecode.c.c; name = particles.c; path = ../../src/particles.c; sourceTree = "<group>"; };
		0A295D251B5FC7E4006B1389 /* particles.h */ = {isa = PBXFileReference; fileEncoding = 4; lastKnownFileType = sourcecode.c.h; name = particles.h; path = ../../src/particles.h; sourceTree = "<group>"; };
		0A295D401B5FC8FB006B1389 /* OpenGL.framework */ = {isa = PBXFileReference; lastKnownFileType = wrapper.framework; name = OpenGL.framework; path = System/Library/Frameworks/OpenGL.framework; sourceTree = SDKROOT; };
		CC935C171CFFE110005CC21E /* fire-colormap.h */ = {isa = PBXFileReference; fileEncoding = 4; lastKnownFileType = sourcecode.c.h; name = "fire-colormap.h"; path = "/Users/aiwl/Documents/code/projects/fluids/demo/fire-colormap.h"; sourceTree = "<absolute>"; };
		CC935C181CFFE110005CC21E /* fire-renderer.c */ = {isa = PBXFileReference; fileEncoding = 4; lastKnownFileType = sourcecode.c.c; name = "fire-renderer.c"; path = "/Users/aiwl/Documents/code/projects/fluids/demo/fire-renderer.c"; sourceTree = "<absolute>"; };
		CC935C191CFFE110005CC21E /* fire-renderer.h */ = {isa = PBXFileReference; fileEncoding = 4; lastKnownFileType = sourcecode.c.h; name = "fire-renderer.h"; path = "/Users/aiwl/Documents/code/projects/fluids/demo/fire-renderer.h"; sourceTree = "<absolute>"; };
		CC935C1A1CFFE110005CC21E /* main.c */ = {isa = PBXFileReference; fileEncoding = 4; lastKnownFileType = sourcecode.c.c; name = main.c; path = /Users/aiwl/Documents/code/projects/fluids/demo/main.c; sourceTree = "<absolute>"; };
		CC935C1B1CFFE110005CC21E /* particle-renderer.c */ = {isa = PBXFileReference; fileEncoding = 4; lastKnownFileType = sourcecode.c.c; name = "particle-renderer.c"; path = "/Users/aiwl/Documents/code/projects/fluids/demo/particle-renderer.c"; sourceTree = "<absolute>"; };
		CC935C1C1CFFE110005CC21E /* particle-renderer.h */ = {isa = PBXFileReference; fileEncoding = 4; lastKnownFileType = sourcecode.c.h; name = "particle-renderer.h"; path = "/Users/aiwl/Documents/code/projects/fluids/demo/particle-renderer.h"; sourceTree = "<absolute>"; };
		CC935C1D1CFFE110005CC21E /* program.c */ = {isa = PBXFileReference; fileEncoding = 4; lastKnownFileType = sourcecode.c.c; name = program.c; path = /Users/aiwl/Documents/code/projects/fluids/demo/program.c; sourceTree = "<absolute>"; };
		CC935C1E1CFFE110005CC21E /* program.h */ = {isa = PBXFileReference; fileEncoding = 4; lastKnownFileType = sourcecode.c.h; name = program.h; path = /Users/aiwl/Documents/code/projects/fluids/demo/program.h; sourceTree = "<absolute>"; };
		CC935C1F1CFFE110005CC21E /* quantity-renderer.c */ = {isa = PBXFileReference; fileEncoding = 4; lastKnownFileType = sourcecode.c.c; name = "quantity-renderer.c"; path = "/Users/aiwl/Documents/code/projects/fluids/demo/quantity-renderer.c"; sourceTree = "<absolute>"; };
		CC935C201CFFE110005CC21E /* quantity-renderer.h */ = {isa = PBXFileReference; fileEncoding = 4; lastKnownFileType = sourcecode.c.h; name = "quantity-renderer.h"; path = "/Users/aiwl/Documents/code/projects/fluids/demo/quantity-renderer.h"; sourceTree = "<absolute>"; };
		CC935C211CFFE110005CC21E /* velocity-renderer.c */ = {isa = PBXFileReference; fileEncoding = 4; lastKnownFileType = sourcecode.c.c; name = "velocity-renderer.c"; path = "/Users/aiwl/Documents/code/projects/fluids/demo/velocity-renderer.c"; sourceTree = "<absolute>"; };
		CC935C221CFFE110005CC21E /* velocity-renderer.h */ = {isa = PBXFileReference; fileEncoding = 4; lastKnownFileType = sourcecode.c.h; name = "velocity-renderer.h"; path = "/Users/aiwl/Documents/code/projects/fluids/demo/velocity-renderer.h"; sourceTree = "<absolute>"; };
		CC935C291CFFE1FA005CC21E /* CoreGraphics.framework */ = {isa = PBXFileReference; lastKnownFileType = wrapper.framework; name = CoreGraphics.framework; path = System/Library/Frameworks/CoreGraphics.framework; sourceTree = SDKROOT; };
		CC935C2B1CFFE204005CC21E /* AppKit.framework */ = {isa = PBXFileReference; lastKnownFileType = wrapper.framework; name = AppKit.framework; path = System/Library/Frameworks/AppKit.framework; sourceTree = SDKROOT; };
		CC935C2D1CFFE20A005CC21E /* CoreVideo.framework */ = {isa = PBXFileReference; lastKnownFileType = wrapper.framework; name = CoreVideo.framework; path = System/Library/Frameworks/CoreVideo.framework; sourceTree = SDKROOT; };
		CC935C2F1CFFE217005CC21E /* IOKit.framework */ = {isa = PBXFileReference; lastKnownFileType = wrapper.framework; name = IOKit.framework; path = System/Library/Frameworks/IOKit.framework; sourceTree = SDKROOT; };
/* End PBXFileReference section */

/* Begin PBXFrameworksBuildPhase section */
		0A295D141B5FC7B9006B1389 /* Frameworks */ = {
			isa = PBXFrameworksBuildPhase;
			buildActionMask = 2147483647;
			files = (
				CC935C301CFFE217005CC21E /* IOKit.framework in Frameworks */,
				CC935C2E1CFFE20A005CC21E /* CoreVideo.framework in Frameworks */,
				CC935C2C1CFFE204005CC21E /* AppKit.framework in Frameworks */,
				CC935C2A1CFFE1FA005CC21E /* CoreGraphics.framework in Frameworks */,
				0A295D411B5FC8FB006B1389 /* OpenGL.framework in Frameworks */,
			);
			runOnlyForDeploymentPostprocessing = 0;
		};
/* End PBXFrameworksBuildPhase section */

/* Begin PBXGroup section */
		0A295D0E1B5FC7B9006B1389 = {
			isa = PBXGroup;
			children = (
				CC935C2F1CFFE217005CC21E /* IOKit.framework */,
				CC935C2D1CFFE20A005CC21E /* CoreVideo.framework */,
				CC935C2B1CFFE204005CC21E /* AppKit.framework */,
				CC935C291CFFE1FA005CC21E /* CoreGraphics.framework */,
				0A295D401B5FC8FB006B1389 /* OpenGL.framework */,
				0A295D211B5FC7CF006B1389 /* fluids */,
				0A295D191B5FC7B9006B1389 /* demo */,
				0A295D181B5FC7B9006B1389 /* Products */,
			);
			sourceTree = "<group>";
		};
		0A295D181B5FC7B9006B1389 /* Products */ = {
			isa = PBXGroup;
			children = (
				0A295D171B5FC7B9006B1389 /* demo */,
			);
			name = Products;
			sourceTree = "<group>";
		};
		0A295D191B5FC7B9006B1389 /* demo */ = {
			isa = PBXGroup;
			children = (
				CC935C171CFFE110005CC21E /* fire-colormap.h */,
				CC935C181CFFE110005CC21E /* fire-renderer.c */,
				CC935C191CFFE110005CC21E /* fire-renderer.h */,
				CC935C1A1CFFE110005CC21E /* main.c */,
				CC935C1B1CFFE110005CC21E /* particle-renderer.c */,
				CC935C1C1CFFE110005CC21E /* particle-renderer.h */,
				CC935C1D1CFFE110005CC21E /* program.c */,
				CC935C1E1CFFE110005CC21E /* program.h */,
				CC935C1F1CFFE110005CC21E /* quantity-renderer.c */,
				CC935C201CFFE110005CC21E /* quantity-renderer.h */,
				CC935C211CFFE110005CC21E /* velocity-renderer.c */,
				CC935C221CFFE110005CC21E /* velocity-renderer.h */,
			);
			name = demo;
			path = /Users/aiwl/Documents/code/projects/fluids/demo;
			sourceTree = "<absolute>";
		};
		0A295D211B5FC7CF006B1389 /* fluids */ = {
			isa = PBXGroup;
			children = (
				0A295D221B5FC7E4006B1389 /* fluids.c */,
				0A295D231B5FC7E4006B1389 /* fluids.h */,
				0A295D241B5FC7E4006B1389 /* particles.c */,
				0A295D251B5FC7E4006B1389 /* particles.h */,
			);
			name = fluids;
			sourceTree = "<group>";
		};
/* End PBXGroup section */

/* Begin PBXNativeTarget section */
		0A295D161B5FC7B9006B1389 /* demo */ = {
			isa = PBXNativeTarget;
			buildConfigurationList = 0A295D1E1B5FC7B9006B1389 /* Build configuration list for PBXNativeTarget "demo" */;
			buildPhases = (
				0A295D131B5FC7B9006B1389 /* Sources */,
				0A295D141B5FC7B9006B1389 /* Frameworks */,
				0A295D151B5FC7B9006B1389 /* CopyFiles */,
			);
			buildRules = (
			);
			dependencies = (
			);
			name = demo;
			productName = demo;
			productReference = 0A295D171B5FC7B9006B1389 /* demo */;
			productType = "com.apple.product-type.tool";
		};
/* End PBXNativeTarget section */

/* Begin PBXProject section */
		0A295D0F1B5FC7B9006B1389 /* Project object */ = {
			isa = PBXProject;
			attributes = {
				LastUpgradeCheck = 0640;
				ORGANIZATIONNAME = "Arno Luebke";
				TargetAttributes = {
					0A295D161B5FC7B9006B1389 = {
						CreatedOnToolsVersion = 6.4;
					};
				};
			};
			buildConfigurationList = 0A295D121B5FC7B9006B1389 /* Build configuration list for PBXProject "demo" */;
			compatibilityVersion = "Xcode 3.2";
			developmentRegion = English;
			hasScannedForEncodings = 0;
			knownRegions = (
				en,
			);
			mainGroup = 0A295D0E1B5FC7B9006B1389;
			productRefGroup = 0A295D181B5FC7B9006B1389 /* Products */;
			projectDirPath = "";
			projectRoot = "";
			targets = (
				0A295D161B5FC7B9006B1389 /* demo */,
			);
		};
/* End PBXProject section */

/* Begin PBXSourcesBuildPhase section */
		0A295D131B5FC7B9006B1389 /* Sources */ = {
			isa = PBXSourcesBuildPhase;
			buildActionMask = 2147483647;
			files = (
				CC935C241CFFE110005CC21E /* main.c in Sources */,
				CC935C251CFFE110005CC21E /* particle-renderer.c in Sources */,
				CC935C261CFFE110005CC21E /* program.c in Sources */,
				0A295D261B5FC7E4006B1389 /* fluids.c in Sources */,
				CC935C231CFFE110005CC21E /* fire-renderer.c in Sources */,
				CC935C271CFFE110005CC21E /* quantity-renderer.c in Sources */,
				0A295D271B5FC7E4006B1389 /* particles.c in Sources */,
				CC935C281CFFE110005CC21E /* velocity-renderer.c in Sources */,
			);
			runOnlyForDeploymentPostprocessing = 0;
		};
/* End PBXSourcesBuildPhase section */

/* Begin XCBuildConfiguration section */
		0A295D1C1B5FC7B9006B1389 /* Debug */ = {
			isa = XCBuildConfiguration;
			buildSettings = {
				ALWAYS_SEARCH_USER_PATHS = NO;
				CLANG_CXX_LANGUAGE_STANDARD = "gnu++0x";
				CLANG_CXX_LIBRARY = "libc++";
				CLANG_ENABLE_MODULES = YES;
				CLANG_ENABLE_OBJC_ARC = YES;
				CLANG_WARN_BOOL_CONVERSION = YES;
				CLANG_WARN_CONSTANT_CONVERSION = YES;
				CLANG_WARN_DIRECT_OBJC_ISA_USAGE = YES_ERROR;
				CLANG_WARN_EMPTY_BODY = YES;
				CLANG_WARN_ENUM_CONVERSION = YES;
				CLANG_WARN_INT_CONVERSION = YES;
				CLANG_WARN_OBJC_ROOT_CLASS = YES_ERROR;
				CLANG_WARN_UNREACHABLE_CODE = YES;
				CLANG_WARN__DUPLICATE_METHOD_MATCH = YES;
				COPY_PHASE_STRIP = NO;
				DEBUG_INFORMATION_FORMAT = dwarf;
				ENABLE_STRICT_OBJC_MSGSEND = YES;
				GCC_C_LANGUAGE_STANDARD = gnu99;
				GCC_DYNAMIC_NO_PIC = NO;
				GCC_NO_COMMON_BLOCKS = YES;
				GCC_OPTIMIZATION_LEVEL = 0;
				GCC_PREPROCESSOR_DEFINITIONS = (
					"DEBUG=1",
					"$(inherited)",
				);
				GCC_SYMBOLS_PRIVATE_EXTERN = NO;
				GCC_WARN_64_TO_32_BIT_CONVERSION = YES;
				GCC_WARN_ABOUT_RETURN_TYPE = YES_ERROR;
				GCC_WARN_UNDECLARED_SELECTOR = YES;
				GCC_WARN_UNINITIALIZED_AUTOS = YES_AGGRESSIVE;
				GCC_WARN_UNUSED_FUNCTION = YES;
				GCC_WARN_UNUSED_VARIABLE = YES;
				MACOSX_DEPLOYMENT_TARGET = 10.10;
				MTL_ENABLE_DEBUG_INFO = YES;
				ONLY_ACTIVE_ARCH = YES;
				SDKROOT = macosx;
			};
			name = Debug;
		};
		0A295D1D1B5FC7B9006B1389 /* Release */ = {
			isa = XCBuildConfiguration;
			buildSettings = {
				ALWAYS_SEARCH_USER_PATHS = NO;
				CLANG_CXX_LANGUAGE_STANDARD = "gnu++0x";
				CLANG_CXX_LIBRARY = "libc++";
				CLANG_ENABLE_MODULES = YES;
				CLANG_ENABLE_OBJC_ARC = YES;
				CLANG_WARN_BOOL_CONVERSION = YES;
				CLANG_WARN_CONSTANT_CONVERSION = YES;
				CLANG_WARN_DIRECT_OBJC_ISA_USAGE = YES_ERROR;
				CLANG_WARN_EMPTY_BODY = YES;
				CLANG_WARN_ENUM_CONVERSION = YES;
				CLANG_WARN_INT_CONVERSION = YES;
				CLANG_WARN_OBJC_ROOT_CLASS = YES_ERROR;
				CLANG_WARN_UNREACHABLE_CODE = YES;
				CLANG_WARN__DUPLICATE_METHOD_MATCH = YES;
				COPY_PHASE_STRIP = NO;
				DEBUG_INFORMATION_FORMAT = "dwarf-with-dsym";
				ENABLE_NS_ASSERTIONS = NO;
				ENABLE_STRICT_OBJC_MSGSEND = YES;
				GCC_C_LANGUAGE_STANDARD = gnu99;
				GCC_NO_COMMON_BLOCKS = YES;
				GCC_WARN_64_TO_32_BIT_CONVERSION = YES;
				GCC_WARN_ABOUT_RETURN_TYPE = YES_ERROR;
				GCC_WARN_UNDECLARED_SELECTOR = YES;
				GCC_WARN_UNINITIALIZED_AUTOS = YES_AGGRESSIVE;
				GCC_WARN_UNUSED_FUNCTION = YES;
				GCC_WARN_UNUSED_VARIABLE = YES;
				MACOSX_DEPLOYMENT_TARGET = 10.10;
				MTL_ENABLE_DEBUG_INFO = NO;
				SDKROOT = macosx;
			};
			name = Release;
		};
		0A295D1F1B5FC7B9006B1389 /* Debug */ = {
			isa = XCBuildConfiguration;
			buildSettings = {
				CLANG_ENABLE_MODULES = NO;
				HEADER_SEARCH_PATHS = (
					"$(inherited)",
					/Applications/Xcode.app/Contents/Developer/Toolchains/XcodeDefault.xctoolchain/usr/include,
					/usr/local/include,
					/usr/local/include,
				);
				LIBRARY_SEARCH_PATHS = (
					"$(inherited)",
					/usr/local/lib,
				);
				OTHER_LDFLAGS = (
					"-lGLEW",
					"-lGLFW3",
				);
				PRODUCT_NAME = "$(TARGET_NAME)";
			};
			name = Debug;
		};
		0A295D201B5FC7B9006B1389 /* Release */ = {
			isa = XCBuildConfiguration;
			buildSettings = {
				CLANG_ENABLE_MODULES = NO;
				HEADER_SEARCH_PATHS = (
					"$(inherited)",
					/Applications/Xcode.app/Contents/Developer/Toolchains/XcodeDefault.xctoolchain/usr/include,
					/usr/local/include,
					/usr/local/include,
				);
				LIBRARY_SEARCH_PATHS = (
					"$(inherited)",
					/usr/local/lib,
				);
				OTHER_LDFLAGS = (
					"-lGLEW",
					"-lGLFW3",
				);
				PRODUCT_NAME = "$(TARGET_NAME)";
			};
			name = Release;
		};
/* End XCBuildConfiguration section */

/* Begin XCConfigurationList section */
		0A295D121B5FC7B9006B1389 /* Build configuration list for PBXProject "demo" */ = {
			isa = XCConfigurationList;
			buildConfigurations = (
				0A295D1C1B5FC7B9006B1389 /* Debug */,
				0A295D1D1B5FC7B9006B1389 /* Release */,
			);
			defaultConfigurationIsVisible = 0;
			defaultConfigurationName = Release;
		};
		0A295D1E1B5FC7B9006B1389 /* Build configuration list for PBXNativeTarget "demo" */ = {
			isa = XCConfigurationList;
			buildConfigurations = (
				0A295D1F1B5FC7B9006B1389 /* Debug */,
				0A295D201B5FC7B9006B1389 /* Release */,
			);
			defaultConfigurationIsVisible = 0;
			defaultConfigurationName = Release;
		};
/* End XCConfigurationList section */
	};
	rootObject = 0A295D0F1B5FC7B9006B1389 /* Project object */;
}
